
Microsoft Visual Studio Solution File, Format Version 12.00
# Visual Studio Version 17
VisualStudioVersion = 17.1.32228.430
MinimumVisualStudioVersion = 10.0.40219.1
Project("{9A19103F-16F7-4668-BE54-9A1E7A4F7556}") = "pjPlanillaPago", "pjPlanillaPago\pjPlanillaPago.csproj", "{F9CD7F63-F00A-416E-85BC-B6A229D956B3}"
EndProject
Project("{9A19103F-16F7-4668-BE54-9A1E7A4F7556}") = "pjBoletaVenta", "pjBoletaVenta\pjBoletaVenta.csproj", "{D5125798-3D4C-4751-BF88-797A3EBED343}"
EndProject
Project("{FAE04EC0-301F-11D3-BF4B-00C04F79EFBC}") = "Modelo", "Modelo\Modelo.csproj", "{0B96589A-7E41-4CAC-B386-DA45C8CCB483}"
EndProject
Project("{FAE04EC0-301F-11D3-BF4B-00C04F79EFBC}") = "Division", "Division\Division.csproj", "{041AA1A2-DE36-4082-A656-C85058F6D37D}"
EndProject
Project("{FAE04EC0-301F-11D3-BF4B-00C04F79EFBC}") = "pjPruebaTipoAnidado", "pjPruebaTipoAnidado\pjPruebaTipoAnidado.csproj", "{1577F30D-6967-4030-87EE-31AD567BD492}"
EndProject
Global
	GlobalSection(SolutionConfigurationPlatforms) = preSolution
		Debug|Any CPU = Debug|Any CPU
		Release|Any CPU = Release|Any CPU
	EndGlobalSection
	GlobalSection(ProjectConfigurationPlatforms) = postSolution
		{F9CD7F63-F00A-416E-85BC-B6A229D956B3}.Debug|Any CPU.ActiveCfg = Debug|Any CPU
		{F9CD7F63-F00A-416E-85BC-B6A229D956B3}.Debug|Any CPU.Build.0 = Debug|Any CPU
		{F9CD7F63-F00A-416E-85BC-B6A229D956B3}.Release|Any CPU.ActiveCfg = Release|Any CPU
		{F9CD7F63-F00A-416E-85BC-B6A229D956B3}.Release|Any CPU.Build.0 = Release|Any CPU
		{D5125798-3D4C-4751-BF88-797A3EBED343}.Debug|Any CPU.ActiveCfg = Debug|Any CPU
		{D5125798-3D4C-4751-BF88-797A3EBED343}.Debug|Any CPU.Build.0 = Debug|Any CPU
		{D5125798-3D4C-4751-BF88-797A3EBED343}.Release|Any CPU.ActiveCfg = Release|Any CPU
		{D5125798-3D4C-4751-BF88-797A3EBED343}.Release|Any CPU.Build.0 = Release|Any CPU
		{0B96589A-7E41-4CAC-B386-DA45C8CCB483}.Debug|Any CPU.ActiveCfg = Debug|Any CPU
		{0B96589A-7E41-4CAC-B386-DA45C8CCB483}.Debug|Any CPU.Build.0 = Debug|Any CPU
		{0B96589A-7E41-4CAC-B386-DA45C8CCB483}.Release|Any CPU.ActiveCfg = Release|Any CPU
		{0B96589A-7E41-4CAC-B386-DA45C8CCB483}.Release|Any CPU.Build.0 = Release|Any CPU
		{041AA1A2-DE36-4082-A656-C85058F6D37D}.Debug|Any CPU.ActiveCfg = Debug|Any CPU
		{041AA1A2-DE36-4082-A656-C85058F6D37D}.Debug|Any CPU.Build.0 = Debug|Any CPU
		{041AA1A2-DE36-4082-A656-C85058F6D37D}.Release|Any CPU.ActiveCfg = Release|Any CPU
		{041AA1A2-DE36-4082-A656-C85058F6D37D}.Release|Any CPU.Build.0 = Release|Any CPU
		{1577F30D-6967-4030-87EE-31AD567BD492}.Debug|Any CPU.ActiveCfg = Debug|Any CPU
		{1577F30D-6967-4030-87EE-31AD567BD492}.Debug|Any CPU.Build.0 = Debug|Any CPU
		{1577F30D-6967-4030-87EE-31AD567BD492}.Release|Any CPU.ActiveCfg = Release|Any CPU
		{1577F30D-6967-4030-87EE-31AD567BD492}.Release|Any CPU.Build.0 = Release|Any CPU
	EndGlobalSection
	GlobalSection(SolutionProperties) = preSolution
		HideSolutionNode = FALSE
	EndGlobalSection
	GlobalSection(ExtensibilityGlobals) = postSolution
		SolutionGuid = {69D37762-FA1B-4386-9600-766108DCA8D7}
	EndGlobalSection
EndGlobal
